// !$*UTF8*$!
{
	archiveVersion = 1;
	classes = {
	};
	objectVersion = 50;
	objects = {

/* Begin PBXBuildFile section */
		2DC38949218BC7D100270A08 /* AppDelegate.swift in Sources */ = {isa = PBXBuildFile; fileRef = 2DC38948218BC7D100270A08 /* AppDelegate.swift */; };
		2DC3894B218BC7D100270A08 /* ViewController.swift in Sources */ = {isa = PBXBuildFile; fileRef = 2DC3894A218BC7D100270A08 /* ViewController.swift */; };
		2DC3894E218BC7D100270A08 /* Main.storyboard in Resources */ = {isa = PBXBuildFile; fileRef = 2DC3894C218BC7D100270A08 /* Main.storyboard */; };
		2DC38951218BC7D100270A08 /* Spark_Scouting.xcdatamodeld in Sources */ = {isa = PBXBuildFile; fileRef = 2DC3894F218BC7D100270A08 /* Spark_Scouting.xcdatamodeld */; };
		2DC38953218BC7D200270A08 /* Assets.xcassets in Resources */ = {isa = PBXBuildFile; fileRef = 2DC38952218BC7D200270A08 /* Assets.xcassets */; };
		2DC38956218BC7D200270A08 /* LaunchScreen.storyboard in Resources */ = {isa = PBXBuildFile; fileRef = 2DC38954218BC7D200270A08 /* LaunchScreen.storyboard */; };
		2DC38961218BC7D200270A08 /* Spark_ScoutingTests.swift in Sources */ = {isa = PBXBuildFile; fileRef = 2DC38960218BC7D200270A08 /* Spark_ScoutingTests.swift */; };
		2DC3896C218BC7D200270A08 /* Spark_ScoutingUITests.swift in Sources */ = {isa = PBXBuildFile; fileRef = 2DC3896B218BC7D200270A08 /* Spark_ScoutingUITests.swift */; };
/* End PBXBuildFile section */

/* Begin PBXContainerItemProxy section */
		2DC3895D218BC7D200270A08 /* PBXContainerItemProxy */ = {
			isa = PBXContainerItemProxy;
			containerPortal = 2DC3893D218BC7D100270A08 /* Project object */;
			proxyType = 1;
			remoteGlobalIDString = 2DC38944218BC7D100270A08;
			remoteInfo = "Spark Scouting";
		};
		2DC38968218BC7D200270A08 /* PBXContainerItemProxy */ = {
			isa = PBXContainerItemProxy;
			containerPortal = 2DC3893D218BC7D100270A08 /* Project object */;
			proxyType = 1;
			remoteGlobalIDString = 2DC38944218BC7D100270A08;
			remoteInfo = "Spark Scouting";
		};
/* End PBXContainerItemProxy section */

/* Begin PBXFileReference section */
		2DC38945218BC7D100270A08 /* Spark Scouting.app */ = {isa = PBXFileReference; explicitFileType = wrapper.application; includeInIndex = 0; path = "Spark Scouting.app"; sourceTree = BUILT_PRODUCTS_DIR; };
		2DC38948218BC7D100270A08 /* AppDelegate.swift */ = {isa = PBXFileReference; lastKnownFileType = sourcecode.swift; path = AppDelegate.swift; sourceTree = "<group>"; };
		2DC3894A218BC7D100270A08 /* ViewController.swift */ = {isa = PBXFileReference; lastKnownFileType = sourcecode.swift; path = ViewController.swift; sourceTree = "<group>"; };
		2DC3894D218BC7D100270A08 /* Base */ = {isa = PBXFileReference; lastKnownFileType = file.storyboard; name = Base; path = Base.lproj/Main.storyboard; sourceTree = "<group>"; };
		2DC38950218BC7D100270A08 /* Spark_Scouting.xcdatamodel */ = {isa = PBXFileReference; lastKnownFileType = wrapper.xcdatamodel; path = Spark_Scouting.xcdatamodel; sourceTree = "<group>"; };
		2DC38952218BC7D200270A08 /* Assets.xcassets */ = {isa = PBXFileReference; lastKnownFileType = folder.assetcatalog; path = Assets.xcassets; sourceTree = "<group>"; };
		2DC38955218BC7D200270A08 /* Base */ = {isa = PBXFileReference; lastKnownFileType = file.storyboard; name = Base; path = Base.lproj/LaunchScreen.storyboard; sourceTree = "<group>"; };
		2DC38957218BC7D200270A08 /* Info.plist */ = {isa = PBXFileReference; lastKnownFileType = text.plist.xml; path = Info.plist; sourceTree = "<group>"; };
		2DC3895C218BC7D200270A08 /* Spark ScoutingTests.xctest */ = {isa = PBXFileReference; explicitFileType = wrapper.cfbundle; includeInIndex = 0; path = "Spark ScoutingTests.xctest"; sourceTree = BUILT_PRODUCTS_DIR; };
		2DC38960218BC7D200270A08 /* Spark_ScoutingTests.swift */ = {isa = PBXFileReference; lastKnownFileType = sourcecode.swift; path = Spark_ScoutingTests.swift; sourceTree = "<group>"; };
		2DC38962218BC7D200270A08 /* Info.plist */ = {isa = PBXFileReference; lastKnownFileType = text.plist.xml; path = Info.plist; sourceTree = "<group>"; };
		2DC38967218BC7D200270A08 /* Spark ScoutingUITests.xctest */ = {isa = PBXFileReference; explicitFileType = wrapper.cfbundle; includeInIndex = 0; path = "Spark ScoutingUITests.xctest"; sourceTree = BUILT_PRODUCTS_DIR; };
		2DC3896B218BC7D200270A08 /* Spark_ScoutingUITests.swift */ = {isa = PBXFileReference; lastKnownFileType = sourcecode.swift; path = Spark_ScoutingUITests.swift; sourceTree = "<group>"; };
		2DC3896D218BC7D200270A08 /* Info.plist */ = {isa = PBXFileReference; lastKnownFileType = text.plist.xml; path = Info.plist; sourceTree = "<group>"; };
/* End PBXFileReference section */

/* Begin PBXFrameworksBuildPhase section */
		2DC38942218BC7D100270A08 /* Frameworks */ = {
			isa = PBXFrameworksBuildPhase;
			buildActionMask = 2147483647;
			files = (
			);
			runOnlyForDeploymentPostprocessing = 0;
		};
		2DC38959218BC7D200270A08 /* Frameworks */ = {
			isa = PBXFrameworksBuildPhase;
			buildActionMask = 2147483647;
			files = (
			);
			runOnlyForDeploymentPostprocessing = 0;
		};
		2DC38964218BC7D200270A08 /* Frameworks */ = {
			isa = PBXFrameworksBuildPhase;
			buildActionMask = 2147483647;
			files = (
			);
			runOnlyForDeploymentPostprocessing = 0;
		};
/* End PBXFrameworksBuildPhase section */

/* Begin PBXGroup section */
		2DC3893C218BC7D100270A08 = {
			isa = PBXGroup;
			children = (
				2DC38947218BC7D100270A08 /* Spark Scouting */,
				2DC3895F218BC7D200270A08 /* Spark ScoutingTests */,
				2DC3896A218BC7D200270A08 /* Spark ScoutingUITests */,
				2DC38946218BC7D100270A08 /* Products */,
			);
			sourceTree = "<group>";
		};
		2DC38946218BC7D100270A08 /* Products */ = {
			isa = PBXGroup;
			children = (
				2DC38945218BC7D100270A08 /* Spark Scouting.app */,
				2DC3895C218BC7D200270A08 /* Spark ScoutingTests.xctest */,
				2DC38967218BC7D200270A08 /* Spark ScoutingUITests.xctest */,
			);
			name = Products;
			sourceTree = "<group>";
		};
		2DC38947218BC7D100270A08 /* Spark Scouting */ = {
			isa = PBXGroup;
			children = (
				2DC38948218BC7D100270A08 /* AppDelegate.swift */,
				2DC3894A218BC7D100270A08 /* ViewController.swift */,
				2DC3894C218BC7D100270A08 /* Main.storyboard */,
				2DC38952218BC7D200270A08 /* Assets.xcassets */,
				2DC38954218BC7D200270A08 /* LaunchScreen.storyboard */,
				2DC38957218BC7D200270A08 /* Info.plist */,
				2DC3894F218BC7D100270A08 /* Spark_Scouting.xcdatamodeld */,
			);
			path = "Spark Scouting";
			sourceTree = "<group>";
		};
		2DC3895F218BC7D200270A08 /* Spark ScoutingTests */ = {
			isa = PBXGroup;
			children = (
				2DC38960218BC7D200270A08 /* Spark_ScoutingTests.swift */,
				2DC38962218BC7D200270A08 /* Info.plist */,
			);
			path = "Spark ScoutingTests";
			sourceTree = "<group>";
		};
		2DC3896A218BC7D200270A08 /* Spark ScoutingUITests */ = {
			isa = PBXGroup;
			children = (
				2DC3896B218BC7D200270A08 /* Spark_ScoutingUITests.swift */,
				2DC3896D218BC7D200270A08 /* Info.plist */,
			);
			path = "Spark ScoutingUITests";
			sourceTree = "<group>";
		};
/* End PBXGroup section */

/* Begin PBXNativeTarget section */
		2DC38944218BC7D100270A08 /* Spark Scouting */ = {
			isa = PBXNativeTarget;
			buildConfigurationList = 2DC38970218BC7D200270A08 /* Build configuration list for PBXNativeTarget "Spark Scouting" */;
			buildPhases = (
				2DC38941218BC7D100270A08 /* Sources */,
				2DC38942218BC7D100270A08 /* Frameworks */,
				2DC38943218BC7D100270A08 /* Resources */,
			);
			buildRules = (
			);
			dependencies = (
			);
			name = "Spark Scouting";
			productName = "Spark Scouting";
			productReference = 2DC38945218BC7D100270A08 /* Spark Scouting.app */;
			productType = "com.apple.product-type.application";
		};
		2DC3895B218BC7D200270A08 /* Spark ScoutingTests */ = {
			isa = PBXNativeTarget;
			buildConfigurationList = 2DC38973218BC7D200270A08 /* Build configuration list for PBXNativeTarget "Spark ScoutingTests" */;
			buildPhases = (
				2DC38958218BC7D200270A08 /* Sources */,
				2DC38959218BC7D200270A08 /* Frameworks */,
				2DC3895A218BC7D200270A08 /* Resources */,
			);
			buildRules = (
			);
			dependencies = (
				2DC3895E218BC7D200270A08 /* PBXTargetDependency */,
			);
			name = "Spark ScoutingTests";
			productName = "Spark ScoutingTests";
			productReference = 2DC3895C218BC7D200270A08 /* Spark ScoutingTests.xctest */;
			productType = "com.apple.product-type.bundle.unit-test";
		};
		2DC38966218BC7D200270A08 /* Spark ScoutingUITests */ = {
			isa = PBXNativeTarget;
			buildConfigurationList = 2DC38976218BC7D200270A08 /* Build configuration list for PBXNativeTarget "Spark ScoutingUITests" */;
			buildPhases = (
				2DC38963218BC7D200270A08 /* Sources */,
				2DC38964218BC7D200270A08 /* Frameworks */,
				2DC38965218BC7D200270A08 /* Resources */,
			);
			buildRules = (
			);
			dependencies = (
				2DC38969218BC7D200270A08 /* PBXTargetDependency */,
			);
			name = "Spark ScoutingUITests";
			productName = "Spark ScoutingUITests";
			productReference = 2DC38967218BC7D200270A08 /* Spark ScoutingUITests.xctest */;
			productType = "com.apple.product-type.bundle.ui-testing";
		};
/* End PBXNativeTarget section */

/* Begin PBXProject section */
		2DC3893D218BC7D100270A08 /* Project object */ = {
			isa = PBXProject;
			attributes = {
				LastSwiftUpdateCheck = 1000;
				LastUpgradeCheck = 1000;
				ORGANIZATIONNAME = Spark;
				TargetAttributes = {
					2DC38944218BC7D100270A08 = {
						CreatedOnToolsVersion = 10.0;
					};
					2DC3895B218BC7D200270A08 = {
						CreatedOnToolsVersion = 10.0;
						TestTargetID = 2DC38944218BC7D100270A08;
					};
					2DC38966218BC7D200270A08 = {
						CreatedOnToolsVersion = 10.0;
						TestTargetID = 2DC38944218BC7D100270A08;
					};
				};
			};
			buildConfigurationList = 2DC38940218BC7D100270A08 /* Build configuration list for PBXProject "Spark Scouting" */;
			compatibilityVersion = "Xcode 9.3";
			developmentRegion = en;
			hasScannedForEncodings = 0;
			knownRegions = (
				en,
				Base,
			);
			mainGroup = 2DC3893C218BC7D100270A08;
			productRefGroup = 2DC38946218BC7D100270A08 /* Products */;
			projectDirPath = "";
			projectRoot = "";
			targets = (
				2DC38944218BC7D100270A08 /* Spark Scouting */,
				2DC3895B218BC7D200270A08 /* Spark ScoutingTests */,
				2DC38966218BC7D200270A08 /* Spark ScoutingUITests */,
			);
		};
/* End PBXProject section */

/* Begin PBXResourcesBuildPhase section */
		2DC38943218BC7D100270A08 /* Resources */ = {
			isa = PBXResourcesBuildPhase;
			buildActionMask = 2147483647;
			files = (
				2DC38956218BC7D200270A08 /* LaunchScreen.storyboard in Resources */,
				2DC38953218BC7D200270A08 /* Assets.xcassets in Resources */,
				2DC3894E218BC7D100270A08 /* Main.storyboard in Resources */,
			);
			runOnlyForDeploymentPostprocessing = 0;
		};
		2DC3895A218BC7D200270A08 /* Resources */ = {
			isa = PBXResourcesBuildPhase;
			buildActionMask = 2147483647;
			files = (
			);
			runOnlyForDeploymentPostprocessing = 0;
		};
		2DC38965218BC7D200270A08 /* Resources */ = {
			isa = PBXResourcesBuildPhase;
			buildActionMask = 2147483647;
			files = (
			);
			runOnlyForDeploymentPostprocessing = 0;
		};
/* End PBXResourcesBuildPhase section */

/* Begin PBXSourcesBuildPhase section */
		2DC38941218BC7D100270A08 /* Sources */ = {
			isa = PBXSourcesBuildPhase;
			buildActionMask = 2147483647;
			files = (
				2DC3894B218BC7D100270A08 /* ViewController.swift in Sources */,
				2DC38949218BC7D100270A08 /* AppDelegate.swift in Sources */,
				2DC38951218BC7D100270A08 /* Spark_Scouting.xcdatamodeld in Sources */,
			);
			runOnlyForDeploymentPostprocessing = 0;
		};
		2DC38958218BC7D200270A08 /* Sources */ = {
			isa = PBXSourcesBuildPhase;
			buildActionMask = 2147483647;
			files = (
				2DC38961218BC7D200270A08 /* Spark_ScoutingTests.swift in Sources */,
			);
			runOnlyForDeploymentPostprocessing = 0;
		};
		2DC38963218BC7D200270A08 /* Sources */ = {
			isa = PBXSourcesBuildPhase;
			buildActionMask = 2147483647;
			files = (
				2DC3896C218BC7D200270A08 /* Spark_ScoutingUITests.swift in Sources */,
			);
			runOnlyForDeploymentPostprocessing = 0;
		};
/* End PBXSourcesBuildPhase section */

/* Begin PBXTargetDependency section */
		2DC3895E218BC7D200270A08 /* PBXTargetDependency */ = {
			isa = PBXTargetDependency;
			target = 2DC38944218BC7D100270A08 /* Spark Scouting */;
			targetProxy = 2DC3895D218BC7D200270A08 /* PBXContainerItemProxy */;
		};
		2DC38969218BC7D200270A08 /* PBXTargetDependency */ = {
			isa = PBXTargetDependency;
			target = 2DC38944218BC7D100270A08 /* Spark Scouting */;
			targetProxy = 2DC38968218BC7D200270A08 /* PBXContainerItemProxy */;
		};
/* End PBXTargetDependency section */

/* Begin PBXVariantGroup section */
		2DC3894C218BC7D100270A08 /* Main.storyboard */ = {
			isa = PBXVariantGroup;
			children = (
				2DC3894D218BC7D100270A08 /* Base */,
			);
			name = Main.storyboard;
			sourceTree = "<group>";
		};
		2DC38954218BC7D200270A08 /* LaunchScreen.storyboard */ = {
			isa = PBXVariantGroup;
			children = (
				2DC38955218BC7D200270A08 /* Base */,
			);
			name = LaunchScreen.storyboard;
			sourceTree = "<group>";
		};
/* End PBXVariantGroup section */

/* Begin XCBuildConfiguration section */
		2DC3896E218BC7D200270A08 /* Debug */ = {
			isa = XCBuildConfiguration;
			buildSettings = {
				ALWAYS_SEARCH_USER_PATHS = NO;
				CLANG_ANALYZER_NONNULL = YES;
				CLANG_ANALYZER_NUMBER_OBJECT_CONVERSION = YES_AGGRESSIVE;
				CLANG_CXX_LANGUAGE_STANDARD = "gnu++14";
				CLANG_CXX_LIBRARY = "libc++";
				CLANG_ENABLE_MODULES = YES;
				CLANG_ENABLE_OBJC_ARC = YES;
				CLANG_ENABLE_OBJC_WEAK = YES;
				CLANG_WARN_BLOCK_CAPTURE_AUTORELEASING = YES;
				CLANG_WARN_BOOL_CONVERSION = YES;
				CLANG_WARN_COMMA = YES;
				CLANG_WARN_CONSTANT_CONVERSION = YES;
				CLANG_WARN_DEPRECATED_OBJC_IMPLEMENTATIONS = YES;
				CLANG_WARN_DIRECT_OBJC_ISA_USAGE = YES_ERROR;
				CLANG_WARN_DOCUMENTATION_COMMENTS = YES;
				CLANG_WARN_EMPTY_BODY = YES;
				CLANG_WARN_ENUM_CONVERSION = YES;
				CLANG_WARN_INFINITE_RECURSION = YES;
				CLANG_WARN_INT_CONVERSION = YES;
				CLANG_WARN_NON_LITERAL_NULL_CONVERSION = YES;
				CLANG_WARN_OBJC_IMPLICIT_RETAIN_SELF = YES;
				CLANG_WARN_OBJC_LITERAL_CONVERSION = YES;
				CLANG_WARN_OBJC_ROOT_CLASS = YES_ERROR;
				CLANG_WARN_RANGE_LOOP_ANALYSIS = YES;
				CLANG_WARN_STRICT_PROTOTYPES = YES;
				CLANG_WARN_SUSPICIOUS_MOVE = YES;
				CLANG_WARN_UNGUARDED_AVAILABILITY = YES_AGGRESSIVE;
				CLANG_WARN_UNREACHABLE_CODE = YES;
				CLANG_WARN__DUPLICATE_METHOD_MATCH = YES;
				CODE_SIGN_IDENTITY = "iPhone Developer";
				COPY_PHASE_STRIP = NO;
				DEBUG_INFORMATION_FORMAT = dwarf;
				ENABLE_STRICT_OBJC_MSGSEND = YES;
				ENABLE_TESTABILITY = YES;
				GCC_C_LANGUAGE_STANDARD = gnu11;
				GCC_DYNAMIC_NO_PIC = NO;
				GCC_NO_COMMON_BLOCKS = YES;
				GCC_OPTIMIZATION_LEVEL = 0;
				GCC_PREPROCESSOR_DEFINITIONS = (
					"DEBUG=1",
					"$(inherited)",
				);
				GCC_WARN_64_TO_32_BIT_CONVERSION = YES;
				GCC_WARN_ABOUT_RETURN_TYPE = YES_ERROR;
				GCC_WARN_UNDECLARED_SELECTOR = YES;
				GCC_WARN_UNINITIALIZED_AUTOS = YES_AGGRESSIVE;
				GCC_WARN_UNUSED_FUNCTION = YES;
				GCC_WARN_UNUSED_VARIABLE = YES;
				IPHONEOS_DEPLOYMENT_TARGET = 12.0;
				MTL_ENABLE_DEBUG_INFO = INCLUDE_SOURCE;
				MTL_FAST_MATH = YES;
				ONLY_ACTIVE_ARCH = YES;
				SDKROOT = iphoneos;
				SWIFT_ACTIVE_COMPILATION_CONDITIONS = DEBUG;
				SWIFT_OPTIMIZATION_LEVEL = "-Onone";
			};
			name = Debug;
		};
		2DC3896F218BC7D200270A08 /* Release */ = {
			isa = XCBuildConfiguration;
			buildSettings = {
				ALWAYS_SEARCH_USER_PATHS = NO;
				CLANG_ANALYZER_NONNULL = YES;
				CLANG_ANALYZER_NUMBER_OBJECT_CONVERSION = YES_AGGRESSIVE;
				CLANG_CXX_LANGUAGE_STANDARD = "gnu++14";
				CLANG_CXX_LIBRARY = "libc++";
				CLANG_ENABLE_MODULES = YES;
				CLANG_ENABLE_OBJC_ARC = YES;
				CLANG_ENABLE_OBJC_WEAK = YES;
				CLANG_WARN_BLOCK_CAPTURE_AUTORELEASING = YES;
				CLANG_WARN_BOOL_CONVERSION = YES;
				CLANG_WARN_COMMA = YES;
				CLANG_WARN_CONSTANT_CONVERSION = YES;
				CLANG_WARN_DEPRECATED_OBJC_IMPLEMENTATIONS = YES;
				CLANG_WARN_DIRECT_OBJC_ISA_USAGE = YES_ERROR;
				CLANG_WARN_DOCUMENTATION_COMMENTS = YES;
				CLANG_WARN_EMPTY_BODY = YES;
				CLANG_WARN_ENUM_CONVERSION = YES;
				CLANG_WARN_INFINITE_RECURSION = YES;
				CLANG_WARN_INT_CONVERSION = YES;
				CLANG_WARN_NON_LITERAL_NULL_CONVERSION = YES;
				CLANG_WARN_OBJC_IMPLICIT_RETAIN_SELF = YES;
				CLANG_WARN_OBJC_LITERAL_CONVERSION = YES;
				CLANG_WARN_OBJC_ROOT_CLASS = YES_ERROR;
				CLANG_WARN_RANGE_LOOP_ANALYSIS = YES;
				CLANG_WARN_STRICT_PROTOTYPES = YES;
				CLANG_WARN_SUSPICIOUS_MOVE = YES;
				CLANG_WARN_UNGUARDED_AVAILABILITY = YES_AGGRESSIVE;
				CLANG_WARN_UNREACHABLE_CODE = YES;
				CLANG_WARN__DUPLICATE_METHOD_MATCH = YES;
				CODE_SIGN_IDENTITY = "iPhone Developer";
				COPY_PHASE_STRIP = NO;
				DEBUG_INFORMATION_FORMAT = "dwarf-with-dsym";
				ENABLE_NS_ASSERTIONS = NO;
				ENABLE_STRICT_OBJC_MSGSEND = YES;
				GCC_C_LANGUAGE_STANDARD = gnu11;
				GCC_NO_COMMON_BLOCKS = YES;
				GCC_WARN_64_TO_32_BIT_CONVERSION = YES;
				GCC_WARN_ABOUT_RETURN_TYPE = YES_ERROR;
				GCC_WARN_UNDECLARED_SELECTOR = YES;
				GCC_WARN_UNINITIALIZED_AUTOS = YES_AGGRESSIVE;
				GCC_WARN_UNUSED_FUNCTION = YES;
				GCC_WARN_UNUSED_VARIABLE = YES;
				IPHONEOS_DEPLOYMENT_TARGET = 12.0;
				MTL_ENABLE_DEBUG_INFO = NO;
				MTL_FAST_MATH = YES;
				SDKROOT = iphoneos;
				SWIFT_COMPILATION_MODE = wholemodule;
				SWIFT_OPTIMIZATION_LEVEL = "-O";
				VALIDATE_PRODUCT = YES;
			};
			name = Release;
		};
		2DC38971218BC7D200270A08 /* Debug */ = {
			isa = XCBuildConfiguration;
			buildSettings = {
				ASSETCATALOG_COMPILER_APPICON_NAME = AppIcon;
				CODE_SIGN_STYLE = Automatic;
				DEVELOPMENT_TEAM = CLZ838BCHK;
				INFOPLIST_FILE = "Spark Scouting/Info.plist";
				LD_RUNPATH_SEARCH_PATHS = (
					"$(inherited)",
					"@executable_path/Frameworks",
				);
				PRODUCT_BUNDLE_IDENTIFIER = "com.Spark.Spark-Scouting";
				PRODUCT_NAME = "$(TARGET_NAME)";
				SWIFT_VERSION = 4.2;
				TARGETED_DEVICE_FAMILY = "1,2";
			};
			name = Debug;
		};
		2DC38972218BC7D200270A08 /* Release */ = {
			isa = XCBuildConfiguration;
			buildSettings = {
				ASSETCATALOG_COMPILER_APPICON_NAME = AppIcon;
				CODE_SIGN_STYLE = Automatic;
				DEVELOPMENT_TEAM = CLZ838BCHK;
				INFOPLIST_FILE = "Spark Scouting/Info.plist";
				LD_RUNPATH_SEARCH_PATHS = (
					"$(inherited)",
					"@executable_path/Frameworks",
				);
				PRODUCT_BUNDLE_IDENTIFIER = "com.Spark.Spark-Scouting";
				PRODUCT_NAME = "$(TARGET_NAME)";
				SWIFT_VERSION = 4.2;
				TARGETED_DEVICE_FAMILY = "1,2";
			};
			name = Release;
		};
		2DC38974218BC7D200270A08 /* Debug */ = {
			isa = XCBuildConfiguration;
			buildSettings = {
				ALWAYS_EMBED_SWIFT_STANDARD_LIBRARIES = YES;
				BUNDLE_LOADER = "$(TEST_HOST)";
				CODE_SIGN_STYLE = Automatic;
				DEVELOPMENT_TEAM = CLZ838BCHK;
				INFOPLIST_FILE = "Spark ScoutingTests/Info.plist";
				LD_RUNPATH_SEARCH_PATHS = (
					"$(inherited)",
					"@executable_path/Frameworks",
					"@loader_path/Frameworks",
				);
				PRODUCT_BUNDLE_IDENTIFIER = "com.Spark.Spark-ScoutingTests";
				PRODUCT_NAME = "$(TARGET_NAME)";
				SWIFT_VERSION = 4.2;
				TARGETED_DEVICE_FAMILY = "1,2";
				TEST_HOST = "$(BUILT_PRODUCTS_DIR)/Spark Scouting.app/Spark Scouting";
			};
			name = Debug;
		};
		2DC38975218BC7D200270A08 /* Release */ = {
			isa = XCBuildConfiguration;
			buildSettings = {
				ALWAYS_EMBED_SWIFT_STANDARD_LIBRARIES = YES;
				BUNDLE_LOADER = "$(TEST_HOST)";
				CODE_SIGN_STYLE = Automatic;
				DEVELOPMENT_TEAM = CLZ838BCHK;
				INFOPLIST_FILE = "Spark ScoutingTests/Info.plist";
				LD_RUNPATH_SEARCH_PATHS = (
					"$(inherited)",
					"@executable_path/Frameworks",
					"@loader_path/Frameworks",
				);
				PRODUCT_BUNDLE_IDENTIFIER = "com.Spark.Spark-ScoutingTests";
				PRODUCT_NAME = "$(TARGET_NAME)";
				SWIFT_VERSION = 4.2;
				TARGETED_DEVICE_FAMILY = "1,2";
				TEST_HOST = "$(BUILT_PRODUCTS_DIR)/Spark Scouting.app/Spark Scouting";
			};
			name = Release;
		};
		2DC38977218BC7D200270A08 /* Debug */ = {
			isa = XCBuildConfiguration;
			buildSettings = {
				ALWAYS_EMBED_SWIFT_STANDARD_LIBRARIES = YES;
				CODE_SIGN_STYLE = Automatic;
				DEVELOPMENT_TEAM = CLZ838BCHK;
				INFOPLIST_FILE = "Spark ScoutingUITests/Info.plist";
				LD_RUNPATH_SEARCH_PATHS = (
					"$(inherited)",
					"@executable_path/Frameworks",
					"@loader_path/Frameworks",
				);
				PRODUCT_BUNDLE_IDENTIFIER = "com.Spark.Spark-ScoutingUITests";
				PRODUCT_NAME = "$(TARGET_NAME)";
				SWIFT_VERSION = 4.2;
				TARGETED_DEVICE_FAMILY = "1,2";
				TEST_TARGET_NAME = "Spark Scouting";
			};
			name = Debug;
		};
		2DC38978218BC7D200270A08 /* Release */ = {
			isa = XCBuildConfiguration;
			buildSettings = {
				ALWAYS_EMBED_SWIFT_STANDARD_LIBRARIES = YES;
				CODE_SIGN_STYLE = Automatic;
				DEVELOPMENT_TEAM = CLZ838BCHK;
				INFOPLIST_FILE = "Spark ScoutingUITests/Info.plist";
				LD_RUNPATH_SEARCH_PATHS = (
					"$(inherited)",
					"@executable_path/Frameworks",
					"@loader_path/Frameworks",
				);
				PRODUCT_BUNDLE_IDENTIFIER = "com.Spark.Spark-ScoutingUITests";
				PRODUCT_NAME = "$(TARGET_NAME)";
				SWIFT_VERSION = 4.2;
				TARGETED_DEVICE_FAMILY = "1,2";
				TEST_TARGET_NAME = "Spark Scouting";
			};
			name = Release;
		};
/* End XCBuildConfiguration section */

/* Begin XCConfigurationList section */
		2DC38940218BC7D100270A08 /* Build configuration list for PBXProject "Spark Scouting" */ = {
			isa = XCConfigurationList;
			buildConfigurations = (
				2DC3896E218BC7D200270A08 /* Debug */,
				2DC3896F218BC7D200270A08 /* Release */,
			);
			defaultConfigurationIsVisible = 0;
			defaultConfigurationName = Release;
		};
		2DC38970218BC7D200270A08 /* Build configuration list for PBXNativeTarget "Spark Scouting" */ = {
			isa = XCConfigurationList;
			buildConfigurations = (
				2DC38971218BC7D200270A08 /* Debug */,
				2DC38972218BC7D200270A08 /* Release */,
			);
			defaultConfigurationIsVisible = 0;
			defaultConfigurationName = Release;
		};
		2DC38973218BC7D200270A08 /* Build configuration list for PBXNativeTarget "Spark ScoutingTests" */ = {
			isa = XCConfigurationList;
			buildConfigurations = (
				2DC38974218BC7D200270A08 /* Debug */,
				2DC38975218BC7D200270A08 /* Release */,
			);
			defaultConfigurationIsVisible = 0;
			defaultConfigurationName = Release;
		};
		2DC38976218BC7D200270A08 /* Build configuration list for PBXNativeTarget "Spark ScoutingUITests" */ = {
			isa = XCConfigurationList;
			buildConfigurations = (
				2DC38977218BC7D200270A08 /* Debug */,
				2DC38978218BC7D200270A08 /* Release */,
			);
			defaultConfigurationIsVisible = 0;
			defaultConfigurationName = Release;
		};
/* End XCConfigurationList section */

/* Begin XCVersionGroup section */
		2DC3894F218BC7D100270A08 /* Spark_Scouting.xcdatamodeld */ = {
			isa = XCVersionGroup;
			children = (
				2DC38950218BC7D100270A08 /* Spark_Scouting.xcdatamodel */,
			);
			currentVersion = 2DC38950218BC7D100270A08 /* Spark_Scouting.xcdatamodel */;
			path = Spark_Scouting.xcdatamodeld;
			sourceTree = "<group>";
			versionGroupType = wrapper.xcdatamodel;
		};
/* End XCVersionGroup section */
	};
	rootObject = 2DC3893D218BC7D100270A08 /* Project object */;
}
